
Microsoft Visual Studio Solution File, Format Version 12.00
# Visual Studio Version 16
VisualStudioVersion = 16.0.31019.35
MinimumVisualStudioVersion = 10.0.40219.1
Project("{FAE04EC0-301F-11D3-BF4B-00C04F79EFBC}") = "Check if Meeting is Possible", "Check if Meeting is Possible\Check if Meeting is Possible.csproj", "{46AEE91D-2377-458F-B72F-3AC444C7216E}"
EndProject
Global
	GlobalSection(SolutionConfigurationPlatforms) = preSolution
		Debug|Any CPU = Debug|Any CPU
		Release|Any CPU = Release|Any CPU
	EndGlobalSection
	GlobalSection(ProjectConfigurationPlatforms) = postSolution
		{46AEE91D-2377-458F-B72F-3AC444C7216E}.Debug|Any CPU.ActiveCfg = Debug|Any CPU
		{46AEE91D-2377-458F-B72F-3AC444C7216E}.Debug|Any CPU.Build.0 = Debug|Any CPU
		{46AEE91D-2377-458F-B72F-3AC444C7216E}.Release|Any CPU.ActiveCfg = Release|Any CPU
		{46AEE91D-2377-458F-B72F-3AC444C7216E}.Release|Any CPU.Build.0 = Release|Any CPU
	EndGlobalSection
	GlobalSection(SolutionProperties) = preSolution
		HideSolutionNode = FALSE
	EndGlobalSection
	GlobalSection(ExtensibilityGlobals) = postSolution
		SolutionGuid = {33B2F93C-1DDB-4BD9-905D-8115A19F2293}
	EndGlobalSection
EndGlobal
